// !$*UTF8*$!
{
	archiveVersion = 1;
	classes = {
	};
	objectVersion = 63;
	objects = {

/* Begin PBXBuildFile section */
		3D1DB2192C8FC47D004854F0 /* Tip.swift in Sources */ = {isa = PBXBuildFile; fileRef = 3D1DB2182C8FC47D004854F0 /* Tip.swift */; };
		3D97EB5C2C8EB1090043C33E /* ContentView.swift in Sources */ = {isa = PBXBuildFile; fileRef = 3D97EB512C8EB1090043C33E /* ContentView.swift */; };
		3D97EB5D2C8EB1090043C33E /* ContextView.swift in Sources */ = {isa = PBXBuildFile; fileRef = 3D97EB522C8EB1090043C33E /* ContextView.swift */; };
		3D97EB5E2C8EB1090043C33E /* ImageView.swift in Sources */ = {isa = PBXBuildFile; fileRef = 3D97EB532C8EB1090043C33E /* ImageView.swift */; };
		3D97EB5F2C8EB1090043C33E /* ListItemView.swift in Sources */ = {isa = PBXBuildFile; fileRef = 3D97EB542C8EB1090043C33E /* ListItemView.swift */; };
		3D97EB602C8EB1090043C33E /* AddImage.swift in Sources */ = {isa = PBXBuildFile; fileRef = 3D97EB562C8EB1090043C33E /* AddImage.swift */; };
		3D97EB612C8EB1090043C33E /* DownloadViewModel.swift in Sources */ = {isa = PBXBuildFile; fileRef = 3D97EB582C8EB1090043C33E /* DownloadViewModel.swift */; };
		3D97EB622C8EB1090043C33E /* ftcrApp.swift in Sources */ = {isa = PBXBuildFile; fileRef = 3D97EB592C8EB1090043C33E /* ftcrApp.swift */; };
		3D97EB632C8EB1090043C33E /* ImageModel.swift in Sources */ = {isa = PBXBuildFile; fileRef = 3D97EB5A2C8EB1090043C33E /* ImageModel.swift */; };
		3D97EB642C8EB1090043C33E /* Preview Assets.xcassets in Resources */ = {isa = PBXBuildFile; fileRef = 3D97EB4F2C8EB1090043C33E /* Preview Assets.xcassets */; };
		3D97EB652C8EB1090043C33E /* Assets.xcassets in Resources */ = {isa = PBXBuildFile; fileRef = 3D97EB572C8EB1090043C33E /* Assets.xcassets */; };
		3DB13A6D2C8E584B00BCB365 /* ftcr Watch App.app in Embed Watch Content */ = {isa = PBXBuildFile; fileRef = 3DB13A6C2C8E584B00BCB365 /* ftcr Watch App.app */; settings = {ATTRIBUTES = (RemoveHeadersOnCopy, ); }; };
/* End PBXBuildFile section */

/* Begin PBXContainerItemProxy section */
		3DB13A6E2C8E584B00BCB365 /* PBXContainerItemProxy */ = {
			isa = PBXContainerItemProxy;
			containerPortal = 3DB13A602C8E584B00BCB365 /* Project object */;
			proxyType = 1;
			remoteGlobalIDString = 3DB13A6B2C8E584B00BCB365;
			remoteInfo = "ftcr Watch App";
		};
/* End PBXContainerItemProxy section */

/* Begin PBXCopyFilesBuildPhase section */
		3DB13A7F2C8E584C00BCB365 /* Embed Watch Content */ = {
			isa = PBXCopyFilesBuildPhase;
			buildActionMask = 2147483647;
			dstPath = "$(CONTENTS_FOLDER_PATH)/Watch";
			dstSubfolderSpec = 16;
			files = (
				3DB13A6D2C8E584B00BCB365 /* ftcr Watch App.app in Embed Watch Content */,
			);
			name = "Embed Watch Content";
			runOnlyForDeploymentPostprocessing = 0;
		};
/* End PBXCopyFilesBuildPhase section */

/* Begin PBXFileReference section */
		3D1DB2182C8FC47D004854F0 /* Tip.swift */ = {isa = PBXFileReference; lastKnownFileType = sourcecode.swift; path = Tip.swift; sourceTree = "<group>"; };
		3D97EB4F2C8EB1090043C33E /* Preview Assets.xcassets */ = {isa = PBXFileReference; lastKnownFileType = folder.assetcatalog; path = "Preview Assets.xcassets"; sourceTree = "<group>"; };
		3D97EB512C8EB1090043C33E /* ContentView.swift */ = {isa = PBXFileReference; lastKnownFileType = sourcecode.swift; path = ContentView.swift; sourceTree = "<group>"; };
		3D97EB522C8EB1090043C33E /* ContextView.swift */ = {isa = PBXFileReference; lastKnownFileType = sourcecode.swift; path = ContextView.swift; sourceTree = "<group>"; };
		3D97EB532C8EB1090043C33E /* ImageView.swift */ = {isa = PBXFileReference; lastKnownFileType = sourcecode.swift; path = ImageView.swift; sourceTree = "<group>"; };
		3D97EB542C8EB1090043C33E /* ListItemView.swift */ = {isa = PBXFileReference; lastKnownFileType = sourcecode.swift; path = ListItemView.swift; sourceTree = "<group>"; };
		3D97EB562C8EB1090043C33E /* AddImage.swift */ = {isa = PBXFileReference; lastKnownFileType = sourcecode.swift; path = AddImage.swift; sourceTree = "<group>"; };
		3D97EB572C8EB1090043C33E /* Assets.xcassets */ = {isa = PBXFileReference; lastKnownFileType = folder.assetcatalog; path = Assets.xcassets; sourceTree = "<group>"; };
		3D97EB582C8EB1090043C33E /* DownloadViewModel.swift */ = {isa = PBXFileReference; lastKnownFileType = sourcecode.swift; path = DownloadViewModel.swift; sourceTree = "<group>"; };
		3D97EB592C8EB1090043C33E /* ftcrApp.swift */ = {isa = PBXFileReference; lastKnownFileType = sourcecode.swift; path = ftcrApp.swift; sourceTree = "<group>"; };
		3D97EB5A2C8EB1090043C33E /* ImageModel.swift */ = {isa = PBXFileReference; lastKnownFileType = sourcecode.swift; path = ImageModel.swift; sourceTree = "<group>"; };
		3DB13A662C8E584B00BCB365 /* ftcr.app */ = {isa = PBXFileReference; explicitFileType = wrapper.application; includeInIndex = 0; path = ftcr.app; sourceTree = BUILT_PRODUCTS_DIR; };
		3DB13A6C2C8E584B00BCB365 /* ftcr Watch App.app */ = {isa = PBXFileReference; explicitFileType = wrapper.application; includeInIndex = 0; path = "ftcr Watch App.app"; sourceTree = BUILT_PRODUCTS_DIR; };
/* End PBXFileReference section */

/* Begin PBXFrameworksBuildPhase section */
		3DB13A692C8E584B00BCB365 /* Frameworks */ = {
			isa = PBXFrameworksBuildPhase;
			buildActionMask = 2147483647;
			files = (
			);
			runOnlyForDeploymentPostprocessing = 0;
		};
/* End PBXFrameworksBuildPhase section */

/* Begin PBXGroup section */
		3D97EB502C8EB1090043C33E /* Preview Content */ = {
			isa = PBXGroup;
			children = (
				3D97EB4F2C8EB1090043C33E /* Preview Assets.xcassets */,
			);
			path = "Preview Content";
			sourceTree = "<group>";
		};
		3D97EB552C8EB1090043C33E /* View */ = {
			isa = PBXGroup;
			children = (
				3D97EB512C8EB1090043C33E /* ContentView.swift */,
				3D97EB522C8EB1090043C33E /* ContextView.swift */,
				3D97EB532C8EB1090043C33E /* ImageView.swift */,
				3D97EB542C8EB1090043C33E /* ListItemView.swift */,
			);
			path = View;
			sourceTree = "<group>";
		};
		3D97EB5B2C8EB1090043C33E /* ftcr Watch App */ = {
			isa = PBXGroup;
			children = (
				3D97EB502C8EB1090043C33E /* Preview Content */,
				3D97EB552C8EB1090043C33E /* View */,
				3D97EB562C8EB1090043C33E /* AddImage.swift */,
				3D97EB582C8EB1090043C33E /* DownloadViewModel.swift */,
				3D97EB592C8EB1090043C33E /* ftcrApp.swift */,
				3D97EB5A2C8EB1090043C33E /* ImageModel.swift */,
				3D1DB2182C8FC47D004854F0 /* Tip.swift */,
				3D97EB572C8EB1090043C33E /* Assets.xcassets */,
			);
			path = "ftcr Watch App";
			sourceTree = "<group>";
		};
		3DB13A5F2C8E584B00BCB365 = {
			isa = PBXGroup;
			children = (
				3D97EB5B2C8EB1090043C33E /* ftcr Watch App */,
				3DB13A672C8E584B00BCB365 /* Products */,
			);
			sourceTree = "<group>";
		};
		3DB13A672C8E584B00BCB365 /* Products */ = {
			isa = PBXGroup;
			children = (
				3DB13A662C8E584B00BCB365 /* ftcr.app */,
				3DB13A6C2C8E584B00BCB365 /* ftcr Watch App.app */,
			);
			name = Products;
			sourceTree = "<group>";
		};
/* End PBXGroup section */

/* Begin PBXNativeTarget section */
		3DB13A652C8E584B00BCB365 /* ftcr */ = {
			isa = PBXNativeTarget;
			buildConfigurationList = 3DB13A802C8E584C00BCB365 /* Build configuration list for PBXNativeTarget "ftcr" */;
			buildPhases = (
				3DB13A642C8E584B00BCB365 /* Resources */,
				3DB13A7F2C8E584C00BCB365 /* Embed Watch Content */,
			);
			buildRules = (
			);
			dependencies = (
				3DB13A6F2C8E584B00BCB365 /* PBXTargetDependency */,
			);
			name = ftcr;
			packageProductDependencies = (
			);
			productName = ftcr;
			productReference = 3DB13A662C8E584B00BCB365 /* ftcr.app */;
			productType = "com.apple.product-type.application.watchapp2-container";
		};
		3DB13A6B2C8E584B00BCB365 /* ftcr Watch App */ = {
			isa = PBXNativeTarget;
			buildConfigurationList = 3DB13A7C2C8E584C00BCB365 /* Build configuration list for PBXNativeTarget "ftcr Watch App" */;
			buildPhases = (
				3DB13A682C8E584B00BCB365 /* Sources */,
				3DB13A692C8E584B00BCB365 /* Frameworks */,
				3DB13A6A2C8E584B00BCB365 /* Resources */,
			);
			buildRules = (
			);
			dependencies = (
			);
			name = "ftcr Watch App";
			packageProductDependencies = (
			);
			productName = "ftcr Watch App";
			productReference = 3DB13A6C2C8E584B00BCB365 /* ftcr Watch App.app */;
			productType = "com.apple.product-type.application";
		};
/* End PBXNativeTarget section */

/* Begin PBXProject section */
		3DB13A602C8E584B00BCB365 /* Project object */ = {
			isa = PBXProject;
			attributes = {
				BuildIndependentTargetsInParallel = 1;
				LastSwiftUpdateCheck = 1610;
				LastUpgradeCheck = 1610;
				TargetAttributes = {
					3DB13A652C8E584B00BCB365 = {
						CreatedOnToolsVersion = 16.1;
					};
					3DB13A6B2C8E584B00BCB365 = {
						CreatedOnToolsVersion = 16.1;
					};
				};
			};
			buildConfigurationList = 3DB13A632C8E584B00BCB365 /* Build configuration list for PBXProject "ftcr" */;
			compatibilityVersion = "Xcode 15.3";
			developmentRegion = en;
			hasScannedForEncodings = 0;
			knownRegions = (
				en,
				Base,
			);
			mainGroup = 3DB13A5F2C8E584B00BCB365;
			minimizedProjectReferenceProxies = 1;
			productRefGroup = 3DB13A672C8E584B00BCB365 /* Products */;
			projectDirPath = "";
			projectRoot = "";
			targets = (
				3DB13A652C8E584B00BCB365 /* ftcr */,
				3DB13A6B2C8E584B00BCB365 /* ftcr Watch App */,
			);
		};
/* End PBXProject section */

/* Begin PBXResourcesBuildPhase section */
		3DB13A642C8E584B00BCB365 /* Resources */ = {
			isa = PBXResourcesBuildPhase;
			buildActionMask = 2147483647;
			files = (
			);
			runOnlyForDeploymentPostprocessing = 0;
		};
		3DB13A6A2C8E584B00BCB365 /* Resources */ = {
			isa = PBXResourcesBuildPhase;
			buildActionMask = 2147483647;
			files = (
				3D97EB642C8EB1090043C33E /* Preview Assets.xcassets in Resources */,
				3D97EB652C8EB1090043C33E /* Assets.xcassets in Resources */,
			);
			runOnlyForDeploymentPostprocessing = 0;
		};
/* End PBXResourcesBuildPhase section */

/* Begin PBXSourcesBuildPhase section */
		3DB13A682C8E584B00BCB365 /* Sources */ = {
			isa = PBXSourcesBuildPhase;
			buildActionMask = 2147483647;
			files = (
				3D97EB5C2C8EB1090043C33E /* ContentView.swift in Sources */,
				3D97EB5D2C8EB1090043C33E /* ContextView.swift in Sources */,
				3D97EB5E2C8EB1090043C33E /* ImageView.swift in Sources */,
				3D97EB5F2C8EB1090043C33E /* ListItemView.swift in Sources */,
				3D97EB602C8EB1090043C33E /* AddImage.swift in Sources */,
				3D97EB612C8EB1090043C33E /* DownloadViewModel.swift in Sources */,
				3D1DB2192C8FC47D004854F0 /* Tip.swift in Sources */,
				3D97EB622C8EB1090043C33E /* ftcrApp.swift in Sources */,
				3D97EB632C8EB1090043C33E /* ImageModel.swift in Sources */,
			);
			runOnlyForDeploymentPostprocessing = 0;
		};
/* End PBXSourcesBuildPhase section */

/* Begin PBXTargetDependency section */
		3DB13A6F2C8E584B00BCB365 /* PBXTargetDependency */ = {
			isa = PBXTargetDependency;
			target = 3DB13A6B2C8E584B00BCB365 /* ftcr Watch App */;
			targetProxy = 3DB13A6E2C8E584B00BCB365 /* PBXContainerItemProxy */;
		};
/* End PBXTargetDependency section */

/* Begin XCBuildConfiguration section */
		3DB13A7A2C8E584C00BCB365 /* Debug */ = {
			isa = XCBuildConfiguration;
			buildSettings = {
				ALWAYS_SEARCH_USER_PATHS = NO;
				ASSETCATALOG_COMPILER_GENERATE_SWIFT_ASSET_SYMBOL_EXTENSIONS = YES;
				CLANG_ANALYZER_NONNULL = YES;
				CLANG_ANALYZER_NUMBER_OBJECT_CONVERSION = YES_AGGRESSIVE;
				CLANG_CXX_LANGUAGE_STANDARD = "gnu++20";
				CLANG_ENABLE_MODULES = YES;
				CLANG_ENABLE_OBJC_ARC = YES;
				CLANG_ENABLE_OBJC_WEAK = YES;
				CLANG_WARN_BLOCK_CAPTURE_AUTORELEASING = YES;
				CLANG_WARN_BOOL_CONVERSION = YES;
				CLANG_WARN_COMMA = YES;
				CLANG_WARN_CONSTANT_CONVERSION = YES;
				CLANG_WARN_DEPRECATED_OBJC_IMPLEMENTATIONS = YES;
				CLANG_WARN_DIRECT_OBJC_ISA_USAGE = YES_ERROR;
				CLANG_WARN_DOCUMENTATION_COMMENTS = YES;
				CLANG_WARN_EMPTY_BODY = YES;
				CLANG_WARN_ENUM_CONVERSION = YES;
				CLANG_WARN_INFINITE_RECURSION = YES;
				CLANG_WARN_INT_CONVERSION = YES;
				CLANG_WARN_NON_LITERAL_NULL_CONVERSION = YES;
				CLANG_WARN_OBJC_IMPLICIT_RETAIN_SELF = YES;
				CLANG_WARN_OBJC_LITERAL_CONVERSION = YES;
				CLANG_WARN_OBJC_ROOT_CLASS = YES_ERROR;
				CLANG_WARN_QUOTED_INCLUDE_IN_FRAMEWORK_HEADER = YES;
				CLANG_WARN_RANGE_LOOP_ANALYSIS = YES;
				CLANG_WARN_STRICT_PROTOTYPES = YES;
				CLANG_WARN_SUSPICIOUS_MOVE = YES;
				CLANG_WARN_UNGUARDED_AVAILABILITY = YES_AGGRESSIVE;
				CLANG_WARN_UNREACHABLE_CODE = YES;
				CLANG_WARN__DUPLICATE_METHOD_MATCH = YES;
				COPY_PHASE_STRIP = NO;
				DEBUG_INFORMATION_FORMAT = dwarf;
				ENABLE_STRICT_OBJC_MSGSEND = YES;
				ENABLE_TESTABILITY = YES;
				ENABLE_USER_SCRIPT_SANDBOXING = YES;
				GCC_C_LANGUAGE_STANDARD = gnu17;
				GCC_DYNAMIC_NO_PIC = NO;
				GCC_NO_COMMON_BLOCKS = YES;
				GCC_OPTIMIZATION_LEVEL = 0;
				GCC_PREPROCESSOR_DEFINITIONS = (
					"DEBUG=1",
					"$(inherited)",
				);
				GCC_WARN_64_TO_32_BIT_CONVERSION = YES;
				GCC_WARN_ABOUT_RETURN_TYPE = YES_ERROR;
				GCC_WARN_UNDECLARED_SELECTOR = YES;
				GCC_WARN_UNINITIALIZED_AUTOS = YES_AGGRESSIVE;
				GCC_WARN_UNUSED_FUNCTION = YES;
				GCC_WARN_UNUSED_VARIABLE = YES;
				LOCALIZATION_PREFERS_STRING_CATALOGS = YES;
				MTL_ENABLE_DEBUG_INFO = INCLUDE_SOURCE;
				MTL_FAST_MATH = YES;
				ONLY_ACTIVE_ARCH = YES;
				SWIFT_ACTIVE_COMPILATION_CONDITIONS = "DEBUG $(inherited)";
				SWIFT_OPTIMIZATION_LEVEL = "-Onone";
			};
			name = Debug;
		};
		3DB13A7B2C8E584C00BCB365 /* Release */ = {
			isa = XCBuildConfiguration;
			buildSettings = {
				ALWAYS_SEARCH_USER_PATHS = NO;
				ASSETCATALOG_COMPILER_GENERATE_SWIFT_ASSET_SYMBOL_EXTENSIONS = YES;
				CLANG_ANALYZER_NONNULL = YES;
				CLANG_ANALYZER_NUMBER_OBJECT_CONVERSION = YES_AGGRESSIVE;
				CLANG_CXX_LANGUAGE_STANDARD = "gnu++20";
				CLANG_ENABLE_MODULES = YES;
				CLANG_ENABLE_OBJC_ARC = YES;
				CLANG_ENABLE_OBJC_WEAK = YES;
				CLANG_WARN_BLOCK_CAPTURE_AUTORELEASING = YES;
				CLANG_WARN_BOOL_CONVERSION = YES;
				CLANG_WARN_COMMA = YES;
				CLANG_WARN_CONSTANT_CONVERSION = YES;
				CLANG_WARN_DEPRECATED_OBJC_IMPLEMENTATIONS = YES;
				CLANG_WARN_DIRECT_OBJC_ISA_USAGE = YES_ERROR;
				CLANG_WARN_DOCUMENTATION_COMMENTS = YES;
				CLANG_WARN_EMPTY_BODY = YES;
				CLANG_WARN_ENUM_CONVERSION = YES;
				CLANG_WARN_INFINITE_RECURSION = YES;
				CLANG_WARN_INT_CONVERSION = YES;
				CLANG_WARN_NON_LITERAL_NULL_CONVERSION = YES;
				CLANG_WARN_OBJC_IMPLICIT_RETAIN_SELF = YES;
				CLANG_WARN_OBJC_LITERAL_CONVERSION = YES;
				CLANG_WARN_OBJC_ROOT_CLASS = YES_ERROR;
				CLANG_WARN_QUOTED_INCLUDE_IN_FRAMEWORK_HEADER = YES;
				CLANG_WARN_RANGE_LOOP_ANALYSIS = YES;
				CLANG_WARN_STRICT_PROTOTYPES = YES;
				CLANG_WARN_SUSPICIOUS_MOVE = YES;
				CLANG_WARN_UNGUARDED_AVAILABILITY = YES_AGGRESSIVE;
				CLANG_WARN_UNREACHABLE_CODE = YES;
				CLANG_WARN__DUPLICATE_METHOD_MATCH = YES;
				COPY_PHASE_STRIP = NO;
				DEBUG_INFORMATION_FORMAT = "dwarf-with-dsym";
				ENABLE_NS_ASSERTIONS = NO;
				ENABLE_STRICT_OBJC_MSGSEND = YES;
				ENABLE_USER_SCRIPT_SANDBOXING = YES;
				GCC_C_LANGUAGE_STANDARD = gnu17;
				GCC_NO_COMMON_BLOCKS = YES;
				GCC_WARN_64_TO_32_BIT_CONVERSION = YES;
				GCC_WARN_ABOUT_RETURN_TYPE = YES_ERROR;
				GCC_WARN_UNDECLARED_SELECTOR = YES;
				GCC_WARN_UNINITIALIZED_AUTOS = YES_AGGRESSIVE;
				GCC_WARN_UNUSED_FUNCTION = YES;
				GCC_WARN_UNUSED_VARIABLE = YES;
				LOCALIZATION_PREFERS_STRING_CATALOGS = YES;
				MTL_ENABLE_DEBUG_INFO = NO;
				MTL_FAST_MATH = YES;
				SWIFT_COMPILATION_MODE = wholemodule;
			};
			name = Release;
		};
		3DB13A7D2C8E584C00BCB365 /* Debug */ = {
			isa = XCBuildConfiguration;
			buildSettings = {
				ASSETCATALOG_COMPILER_APPICON_NAME = AppIcon;
				ASSETCATALOG_COMPILER_GLOBAL_ACCENT_COLOR_NAME = AccentColor;
				CODE_SIGN_STYLE = Automatic;
				CURRENT_PROJECT_VERSION = 18;
				DEVELOPMENT_ASSET_PATHS = "\"ftcr Watch App/Preview Content\"";
				DEVELOPMENT_TEAM = 8HVQYZSB2F;
				ENABLE_PREVIEWS = YES;
				GENERATE_INFOPLIST_FILE = YES;
				INFOPLIST_FILE = "ftcr-Watch-App-Info.plist";
				INFOPLIST_KEY_CFBundleDisplayName = Ftcr;
				INFOPLIST_KEY_UISupportedInterfaceOrientations = "UIInterfaceOrientationPortrait UIInterfaceOrientationPortraitUpsideDown";
				INFOPLIST_KEY_WKWatchOnly = YES;
				LD_RUNPATH_SEARCH_PATHS = (
					"$(inherited)",
					"@executable_path/Frameworks",
				);
				MARKETING_VERSION = 1.0;
				PRODUCT_BUNDLE_IDENTIFIER = com.sebersta.ftcr.watchkitapp;
				PRODUCT_NAME = "$(TARGET_NAME)";
				SDKROOT = watchos;
				SKIP_INSTALL = YES;
				SWIFT_EMIT_LOC_STRINGS = YES;
				SWIFT_VERSION = 5.0;
				TARGETED_DEVICE_FAMILY = 4;
				WATCHOS_DEPLOYMENT_TARGET = 10.0;
			};
			name = Debug;
		};
		3DB13A7E2C8E584C00BCB365 /* Release */ = {
			isa = XCBuildConfiguration;
			buildSettings = {
				ASSETCATALOG_COMPILER_APPICON_NAME = AppIcon;
				ASSETCATALOG_COMPILER_GLOBAL_ACCENT_COLOR_NAME = AccentColor;
				CODE_SIGN_STYLE = Automatic;
				CURRENT_PROJECT_VERSION = 18;
				DEVELOPMENT_ASSET_PATHS = "\"ftcr Watch App/Preview Content\"";
				DEVELOPMENT_TEAM = 8HVQYZSB2F;
				ENABLE_PREVIEWS = YES;
				GENERATE_INFOPLIST_FILE = YES;
				INFOPLIST_FILE = "ftcr-Watch-App-Info.plist";
				INFOPLIST_KEY_CFBundleDisplayName = Ftcr;
				INFOPLIST_KEY_UISupportedInterfaceOrientations = "UIInterfaceOrientationPortrait UIInterfaceOrientationPortraitUpsideDown";
				INFOPLIST_KEY_WKWatchOnly = YES;
				LD_RUNPATH_SEARCH_PATHS = (
					"$(inherited)",
					"@executable_path/Frameworks",
				);
				MARKETING_VERSION = 1.0;
				PRODUCT_BUNDLE_IDENTIFIER = com.sebersta.ftcr.watchkitapp;
				PRODUCT_NAME = "$(TARGET_NAME)";
				SDKROOT = watchos;
				SKIP_INSTALL = YES;
				SWIFT_EMIT_LOC_STRINGS = YES;
				SWIFT_VERSION = 5.0;
				TARGETED_DEVICE_FAMILY = 4;
				VALIDATE_PRODUCT = YES;
				WATCHOS_DEPLOYMENT_TARGET = 10.0;
			};
			name = Release;
		};
		3DB13A812C8E584C00BCB365 /* Debug */ = {
			isa = XCBuildConfiguration;
			buildSettings = {
				CODE_SIGN_STYLE = Automatic;
				CURRENT_PROJECT_VERSION = 1;
				DEVELOPMENT_TEAM = 8HVQYZSB2F;
				INFOPLIST_KEY_CFBundleDisplayName = ftcr;
				MARKETING_VERSION = 1.0;
				PRODUCT_BUNDLE_IDENTIFIER = com.sebersta.ftcr;
				PRODUCT_NAME = "$(TARGET_NAME)";
				SDKROOT = iphoneos;
				SWIFT_VERSION = 5.0;
			};
			name = Debug;
		};
		3DB13A822C8E584C00BCB365 /* Release */ = {
			isa = XCBuildConfiguration;
			buildSettings = {
				CODE_SIGN_STYLE = Automatic;
				CURRENT_PROJECT_VERSION = 1;
				DEVELOPMENT_TEAM = 8HVQYZSB2F;
				INFOPLIST_KEY_CFBundleDisplayName = ftcr;
				MARKETING_VERSION = 1.0;
				PRODUCT_BUNDLE_IDENTIFIER = com.sebersta.ftcr;
				PRODUCT_NAME = "$(TARGET_NAME)";
				SDKROOT = iphoneos;
				SWIFT_VERSION = 5.0;
				VALIDATE_PRODUCT = YES;
			};
			name = Release;
		};
/* End XCBuildConfiguration section */

/* Begin XCConfigurationList section */
		3DB13A632C8E584B00BCB365 /* Build configuration list for PBXProject "ftcr" */ = {
			isa = XCConfigurationList;
			buildConfigurations = (
				3DB13A7A2C8E584C00BCB365 /* Debug */,
				3DB13A7B2C8E584C00BCB365 /* Release */,
			);
			defaultConfigurationIsVisible = 0;
			defaultConfigurationName = Release;
		};
		3DB13A7C2C8E584C00BCB365 /* Build configuration list for PBXNativeTarget "ftcr Watch App" */ = {
			isa = XCConfigurationList;
			buildConfigurations = (
				3DB13A7D2C8E584C00BCB365 /* Debug */,
				3DB13A7E2C8E584C00BCB365 /* Release */,
			);
			defaultConfigurationIsVisible = 0;
			defaultConfigurationName = Release;
		};
		3DB13A802C8E584C00BCB365 /* Build configuration list for PBXNativeTarget "ftcr" */ = {
			isa = XCConfigurationList;
			buildConfigurations = (
				3DB13A812C8E584C00BCB365 /* Debug */,
				3DB13A822C8E584C00BCB365 /* Release */,
			);
			defaultConfigurationIsVisible = 0;
			defaultConfigurationName = Release;
		};
/* End XCConfigurationList section */
	};
	rootObject = 3DB13A602C8E584B00BCB365 /* Project object */;
}
